// !$*UTF8*$!
{
	archiveVersion = 1;
	classes = {
	};
	objectVersion = 50;
	objects = {

/* Begin PBXBuildFile section */
		C9E0E82B237AAE15001EDAF4 /* AppDelegate.swift in Sources */ = {isa = PBXBuildFile; fileRef = C9E0E82A237AAE15001EDAF4 /* AppDelegate.swift */; };
		C9E0E82D237AAE15001EDAF4 /* GameScene.sks in Resources */ = {isa = PBXBuildFile; fileRef = C9E0E82C237AAE15001EDAF4 /* GameScene.sks */; };
		C9E0E82F237AAE15001EDAF4 /* Actions.sks in Resources */ = {isa = PBXBuildFile; fileRef = C9E0E82E237AAE15001EDAF4 /* Actions.sks */; };
		C9E0E831237AAE15001EDAF4 /* GameScene.swift in Sources */ = {isa = PBXBuildFile; fileRef = C9E0E830237AAE15001EDAF4 /* GameScene.swift */; };
		C9E0E833237AAE15001EDAF4 /* GameViewController.swift in Sources */ = {isa = PBXBuildFile; fileRef = C9E0E832237AAE15001EDAF4 /* GameViewController.swift */; };
		C9E0E836237AAE15001EDAF4 /* Main.storyboard in Resources */ = {isa = PBXBuildFile; fileRef = C9E0E834237AAE15001EDAF4 /* Main.storyboard */; };
		C9E0E838237AAE17001EDAF4 /* Assets.xcassets in Resources */ = {isa = PBXBuildFile; fileRef = C9E0E837237AAE17001EDAF4 /* Assets.xcassets */; };
		C9E0E83B237AAE17001EDAF4 /* LaunchScreen.storyboard in Resources */ = {isa = PBXBuildFile; fileRef = C9E0E839237AAE17001EDAF4 /* LaunchScreen.storyboard */; };
		C9E0E846237AAE17001EDAF4 /* JudgementTests.swift in Sources */ = {isa = PBXBuildFile; fileRef = C9E0E845237AAE17001EDAF4 /* JudgementTests.swift */; };
		C9E0E851237AAE17001EDAF4 /* JudgementUITests.swift in Sources */ = {isa = PBXBuildFile; fileRef = C9E0E850237AAE17001EDAF4 /* JudgementUITests.swift */; };
/* End PBXBuildFile section */

/* Begin PBXContainerItemProxy section */
		C9E0E842237AAE17001EDAF4 /* PBXContainerItemProxy */ = {
			isa = PBXContainerItemProxy;
			containerPortal = C9E0E81F237AAE15001EDAF4 /* Project object */;
			proxyType = 1;
			remoteGlobalIDString = C9E0E826237AAE15001EDAF4;
			remoteInfo = Judgement;
		};
		C9E0E84D237AAE17001EDAF4 /* PBXContainerItemProxy */ = {
			isa = PBXContainerItemProxy;
			containerPortal = C9E0E81F237AAE15001EDAF4 /* Project object */;
			proxyType = 1;
			remoteGlobalIDString = C9E0E826237AAE15001EDAF4;
			remoteInfo = Judgement;
		};
/* End PBXContainerItemProxy section */

/* Begin PBXFileReference section */
		C9E0E827237AAE15001EDAF4 /* Judgement.app */ = {isa = PBXFileReference; explicitFileType = wrapper.application; includeInIndex = 0; path = Judgement.app; sourceTree = BUILT_PRODUCTS_DIR; };
		C9E0E82A237AAE15001EDAF4 /* AppDelegate.swift */ = {isa = PBXFileReference; lastKnownFileType = sourcecode.swift; path = AppDelegate.swift; sourceTree = "<group>"; };
		C9E0E82C237AAE15001EDAF4 /* GameScene.sks */ = {isa = PBXFileReference; lastKnownFileType = file.sks; path = GameScene.sks; sourceTree = "<group>"; };
		C9E0E82E237AAE15001EDAF4 /* Actions.sks */ = {isa = PBXFileReference; lastKnownFileType = file.sks; path = Actions.sks; sourceTree = "<group>"; };
		C9E0E830237AAE15001EDAF4 /* GameScene.swift */ = {isa = PBXFileReference; lastKnownFileType = sourcecode.swift; path = GameScene.swift; sourceTree = "<group>"; };
		C9E0E832237AAE15001EDAF4 /* GameViewController.swift */ = {isa = PBXFileReference; lastKnownFileType = sourcecode.swift; path = GameViewController.swift; sourceTree = "<group>"; };
		C9E0E835237AAE15001EDAF4 /* Base */ = {isa = PBXFileReference; lastKnownFileType = file.storyboard; name = Base; path = Base.lproj/Main.storyboard; sourceTree = "<group>"; };
		C9E0E837237AAE17001EDAF4 /* Assets.xcassets */ = {isa = PBXFileReference; lastKnownFileType = folder.assetcatalog; path = Assets.xcassets; sourceTree = "<group>"; };
		C9E0E83A237AAE17001EDAF4 /* Base */ = {isa = PBXFileReference; lastKnownFileType = file.storyboard; name = Base; path = Base.lproj/LaunchScreen.storyboard; sourceTree = "<group>"; };
		C9E0E83C237AAE17001EDAF4 /* Info.plist */ = {isa = PBXFileReference; lastKnownFileType = text.plist.xml; path = Info.plist; sourceTree = "<group>"; };
		C9E0E841237AAE17001EDAF4 /* JudgementTests.xctest */ = {isa = PBXFileReference; explicitFileType = wrapper.cfbundle; includeInIndex = 0; path = JudgementTests.xctest; sourceTree = BUILT_PRODUCTS_DIR; };
		C9E0E845237AAE17001EDAF4 /* JudgementTests.swift */ = {isa = PBXFileReference; lastKnownFileType = sourcecode.swift; path = JudgementTests.swift; sourceTree = "<group>"; };
		C9E0E847237AAE17001EDAF4 /* Info.plist */ = {isa = PBXFileReference; lastKnownFileType = text.plist.xml; path = Info.plist; sourceTree = "<group>"; };
		C9E0E84C237AAE17001EDAF4 /* JudgementUITests.xctest */ = {isa = PBXFileReference; explicitFileType = wrapper.cfbundle; includeInIndex = 0; path = JudgementUITests.xctest; sourceTree = BUILT_PRODUCTS_DIR; };
		C9E0E850237AAE17001EDAF4 /* JudgementUITests.swift */ = {isa = PBXFileReference; lastKnownFileType = sourcecode.swift; path = JudgementUITests.swift; sourceTree = "<group>"; };
		C9E0E852237AAE17001EDAF4 /* Info.plist */ = {isa = PBXFileReference; lastKnownFileType = text.plist.xml; path = Info.plist; sourceTree = "<group>"; };
/* End PBXFileReference section */

/* Begin PBXFrameworksBuildPhase section */
		C9E0E824237AAE15001EDAF4 /* Frameworks */ = {
			isa = PBXFrameworksBuildPhase;
			buildActionMask = 2147483647;
			files = (
			);
			runOnlyForDeploymentPostprocessing = 0;
		};
		C9E0E83E237AAE17001EDAF4 /* Frameworks */ = {
			isa = PBXFrameworksBuildPhase;
			buildActionMask = 2147483647;
			files = (
			);
			runOnlyForDeploymentPostprocessing = 0;
		};
		C9E0E849237AAE17001EDAF4 /* Frameworks */ = {
			isa = PBXFrameworksBuildPhase;
			buildActionMask = 2147483647;
			files = (
			);
			runOnlyForDeploymentPostprocessing = 0;
		};
/* End PBXFrameworksBuildPhase section */

/* Begin PBXGroup section */
		C9E0E81E237AAE15001EDAF4 = {
			isa = PBXGroup;
			children = (
				C9E0E829237AAE15001EDAF4 /* Judgement */,
				C9E0E844237AAE17001EDAF4 /* JudgementTests */,
				C9E0E84F237AAE17001EDAF4 /* JudgementUITests */,
				C9E0E828237AAE15001EDAF4 /* Products */,
			);
			sourceTree = "<group>";
		};
		C9E0E828237AAE15001EDAF4 /* Products */ = {
			isa = PBXGroup;
			children = (
				C9E0E827237AAE15001EDAF4 /* Judgement.app */,
				C9E0E841237AAE17001EDAF4 /* JudgementTests.xctest */,
				C9E0E84C237AAE17001EDAF4 /* JudgementUITests.xctest */,
			);
			name = Products;
			sourceTree = "<group>";
		};
		C9E0E829237AAE15001EDAF4 /* Judgement */ = {
			isa = PBXGroup;
			children = (
				C9E0E82A237AAE15001EDAF4 /* AppDelegate.swift */,
				C9E0E82C237AAE15001EDAF4 /* GameScene.sks */,
				C9E0E82E237AAE15001EDAF4 /* Actions.sks */,
				C9E0E830237AAE15001EDAF4 /* GameScene.swift */,
				C9E0E832237AAE15001EDAF4 /* GameViewController.swift */,
				C9E0E834237AAE15001EDAF4 /* Main.storyboard */,
				C9E0E837237AAE17001EDAF4 /* Assets.xcassets */,
				C9E0E839237AAE17001EDAF4 /* LaunchScreen.storyboard */,
				C9E0E83C237AAE17001EDAF4 /* Info.plist */,
			);
			path = Judgement;
			sourceTree = "<group>";
		};
		C9E0E844237AAE17001EDAF4 /* JudgementTests */ = {
			isa = PBXGroup;
			children = (
				C9E0E845237AAE17001EDAF4 /* JudgementTests.swift */,
				C9E0E847237AAE17001EDAF4 /* Info.plist */,
			);
			path = JudgementTests;
			sourceTree = "<group>";
		};
		C9E0E84F237AAE17001EDAF4 /* JudgementUITests */ = {
			isa = PBXGroup;
			children = (
				C9E0E850237AAE17001EDAF4 /* JudgementUITests.swift */,
				C9E0E852237AAE17001EDAF4 /* Info.plist */,
			);
			path = JudgementUITests;
			sourceTree = "<group>";
		};
/* End PBXGroup section */

/* Begin PBXNativeTarget section */
		C9E0E826237AAE15001EDAF4 /* Judgement */ = {
			isa = PBXNativeTarget;
			buildConfigurationList = C9E0E855237AAE17001EDAF4 /* Build configuration list for PBXNativeTarget "Judgement" */;
			buildPhases = (
				C9E0E823237AAE15001EDAF4 /* Sources */,
				C9E0E824237AAE15001EDAF4 /* Frameworks */,
				C9E0E825237AAE15001EDAF4 /* Resources */,
			);
			buildRules = (
			);
			dependencies = (
			);
			name = Judgement;
			productName = Judgement;
			productReference = C9E0E827237AAE15001EDAF4 /* Judgement.app */;
			productType = "com.apple.product-type.application";
		};
		C9E0E840237AAE17001EDAF4 /* JudgementTests */ = {
			isa = PBXNativeTarget;
			buildConfigurationList = C9E0E858237AAE17001EDAF4 /* Build configuration list for PBXNativeTarget "JudgementTests" */;
			buildPhases = (
				C9E0E83D237AAE17001EDAF4 /* Sources */,
				C9E0E83E237AAE17001EDAF4 /* Frameworks */,
				C9E0E83F237AAE17001EDAF4 /* Resources */,
			);
			buildRules = (
			);
			dependencies = (
				C9E0E843237AAE17001EDAF4 /* PBXTargetDependency */,
			);
			name = JudgementTests;
			productName = JudgementTests;
			productReference = C9E0E841237AAE17001EDAF4 /* JudgementTests.xctest */;
			productType = "com.apple.product-type.bundle.unit-test";
		};
		C9E0E84B237AAE17001EDAF4 /* JudgementUITests */ = {
			isa = PBXNativeTarget;
			buildConfigurationList = C9E0E85B237AAE17001EDAF4 /* Build configuration list for PBXNativeTarget "JudgementUITests" */;
			buildPhases = (
				C9E0E848237AAE17001EDAF4 /* Sources */,
				C9E0E849237AAE17001EDAF4 /* Frameworks */,
				C9E0E84A237AAE17001EDAF4 /* Resources */,
			);
			buildRules = (
			);
			dependencies = (
				C9E0E84E237AAE17001EDAF4 /* PBXTargetDependency */,
			);
			name = JudgementUITests;
			productName = JudgementUITests;
			productReference = C9E0E84C237AAE17001EDAF4 /* JudgementUITests.xctest */;
			productType = "com.apple.product-type.bundle.ui-testing";
		};
/* End PBXNativeTarget section */

/* Begin PBXProject section */
		C9E0E81F237AAE15001EDAF4 /* Project object */ = {
			isa = PBXProject;
			attributes = {
				LastSwiftUpdateCheck = 1110;
				LastUpgradeCheck = 1110;
				ORGANIZATIONNAME = "Ruchi Maheshwari";
				TargetAttributes = {
					C9E0E826237AAE15001EDAF4 = {
						CreatedOnToolsVersion = 11.1;
					};
					C9E0E840237AAE17001EDAF4 = {
						CreatedOnToolsVersion = 11.1;
						TestTargetID = C9E0E826237AAE15001EDAF4;
					};
					C9E0E84B237AAE17001EDAF4 = {
						CreatedOnToolsVersion = 11.1;
						TestTargetID = C9E0E826237AAE15001EDAF4;
					};
				};
			};
			buildConfigurationList = C9E0E822237AAE15001EDAF4 /* Build configuration list for PBXProject "Judgement" */;
			compatibilityVersion = "Xcode 9.3";
			developmentRegion = en;
			hasScannedForEncodings = 0;
			knownRegions = (
				en,
				Base,
			);
			mainGroup = C9E0E81E237AAE15001EDAF4;
			productRefGroup = C9E0E828237AAE15001EDAF4 /* Products */;
			projectDirPath = "";
			projectRoot = "";
			targets = (
				C9E0E826237AAE15001EDAF4 /* Judgement */,
				C9E0E840237AAE17001EDAF4 /* JudgementTests */,
				C9E0E84B237AAE17001EDAF4 /* JudgementUITests */,
			);
		};
/* End PBXProject section */

/* Begin PBXResourcesBuildPhase section */
		C9E0E825237AAE15001EDAF4 /* Resources */ = {
			isa = PBXResourcesBuildPhase;
			buildActionMask = 2147483647;
			files = (
				C9E0E836237AAE15001EDAF4 /* Main.storyboard in Resources */,
				C9E0E82D237AAE15001EDAF4 /* GameScene.sks in Resources */,
				C9E0E838237AAE17001EDAF4 /* Assets.xcassets in Resources */,
				C9E0E83B237AAE17001EDAF4 /* LaunchScreen.storyboard in Resources */,
				C9E0E82F237AAE15001EDAF4 /* Actions.sks in Resources */,
			);
			runOnlyForDeploymentPostprocessing = 0;
		};
		C9E0E83F237AAE17001EDAF4 /* Resources */ = {
			isa = PBXResourcesBuildPhase;
			buildActionMask = 2147483647;
			files = (
			);
			runOnlyForDeploymentPostprocessing = 0;
		};
		C9E0E84A237AAE17001EDAF4 /* Resources */ = {
			isa = PBXResourcesBuildPhase;
			buildActionMask = 2147483647;
			files = (
			);
			runOnlyForDeploymentPostprocessing = 0;
		};
/* End PBXResourcesBuildPhase section */

/* Begin PBXSourcesBuildPhase section */
		C9E0E823237AAE15001EDAF4 /* Sources */ = {
			isa = PBXSourcesBuildPhase;
			buildActionMask = 2147483647;
			files = (
				C9E0E831237AAE15001EDAF4 /* GameScene.swift in Sources */,
				C9E0E833237AAE15001EDAF4 /* GameViewController.swift in Sources */,
				C9E0E82B237AAE15001EDAF4 /* AppDelegate.swift in Sources */,
			);
			runOnlyForDeploymentPostprocessing = 0;
		};
		C9E0E83D237AAE17001EDAF4 /* Sources */ = {
			isa = PBXSourcesBuildPhase;
			buildActionMask = 2147483647;
			files = (
				C9E0E846237AAE17001EDAF4 /* JudgementTests.swift in Sources */,
			);
			runOnlyForDeploymentPostprocessing = 0;
		};
		C9E0E848237AAE17001EDAF4 /* Sources */ = {
			isa = PBXSourcesBuildPhase;
			buildActionMask = 2147483647;
			files = (
				C9E0E851237AAE17001EDAF4 /* JudgementUITests.swift in Sources */,
			);
			runOnlyForDeploymentPostprocessing = 0;
		};
/* End PBXSourcesBuildPhase section */

/* Begin PBXTargetDependency section */
		C9E0E843237AAE17001EDAF4 /* PBXTargetDependency */ = {
			isa = PBXTargetDependency;
			target = C9E0E826237AAE15001EDAF4 /* Judgement */;
			targetProxy = C9E0E842237AAE17001EDAF4 /* PBXContainerItemProxy */;
		};
		C9E0E84E237AAE17001EDAF4 /* PBXTargetDependency */ = {
			isa = PBXTargetDependency;
			target = C9E0E826237AAE15001EDAF4 /* Judgement */;
			targetProxy = C9E0E84D237AAE17001EDAF4 /* PBXContainerItemProxy */;
		};
/* End PBXTargetDependency section */

/* Begin PBXVariantGroup section */
		C9E0E834237AAE15001EDAF4 /* Main.storyboard */ = {
			isa = PBXVariantGroup;
			children = (
				C9E0E835237AAE15001EDAF4 /* Base */,
			);
			name = Main.storyboard;
			sourceTree = "<group>";
		};
		C9E0E839237AAE17001EDAF4 /* LaunchScreen.storyboard */ = {
			isa = PBXVariantGroup;
			children = (
				C9E0E83A237AAE17001EDAF4 /* Base */,
			);
			name = LaunchScreen.storyboard;
			sourceTree = "<group>";
		};
/* End PBXVariantGroup section */

/* Begin XCBuildConfiguration section */
		C9E0E853237AAE17001EDAF4 /* Debug */ = {
			isa = XCBuildConfiguration;
			buildSettings = {
				ALWAYS_SEARCH_USER_PATHS = NO;
				CLANG_ANALYZER_NONNULL = YES;
				CLANG_ANALYZER_NUMBER_OBJECT_CONVERSION = YES_AGGRESSIVE;
				CLANG_CXX_LANGUAGE_STANDARD = "gnu++14";
				CLANG_CXX_LIBRARY = "libc++";
				CLANG_ENABLE_MODULES = YES;
				CLANG_ENABLE_OBJC_ARC = YES;
				CLANG_ENABLE_OBJC_WEAK = YES;
				CLANG_WARN_BLOCK_CAPTURE_AUTORELEASING = YES;
				CLANG_WARN_BOOL_CONVERSION = YES;
				CLANG_WARN_COMMA = YES;
				CLANG_WARN_CONSTANT_CONVERSION = YES;
				CLANG_WARN_DEPRECATED_OBJC_IMPLEMENTATIONS = YES;
				CLANG_WARN_DIRECT_OBJC_ISA_USAGE = YES_ERROR;
				CLANG_WARN_DOCUMENTATION_COMMENTS = YES;
				CLANG_WARN_EMPTY_BODY = YES;
				CLANG_WARN_ENUM_CONVERSION = YES;
				CLANG_WARN_INFINITE_RECURSION = YES;
				CLANG_WARN_INT_CONVERSION = YES;
				CLANG_WARN_NON_LITERAL_NULL_CONVERSION = YES;
				CLANG_WARN_OBJC_IMPLICIT_RETAIN_SELF = YES;
				CLANG_WARN_OBJC_LITERAL_CONVERSION = YES;
				CLANG_WARN_OBJC_ROOT_CLASS = YES_ERROR;
				CLANG_WARN_RANGE_LOOP_ANALYSIS = YES;
				CLANG_WARN_STRICT_PROTOTYPES = YES;
				CLANG_WARN_SUSPICIOUS_MOVE = YES;
				CLANG_WARN_UNGUARDED_AVAILABILITY = YES_AGGRESSIVE;
				CLANG_WARN_UNREACHABLE_CODE = YES;
				CLANG_WARN__DUPLICATE_METHOD_MATCH = YES;
				COPY_PHASE_STRIP = NO;
				DEBUG_INFORMATION_FORMAT = dwarf;
				ENABLE_STRICT_OBJC_MSGSEND = YES;
				ENABLE_TESTABILITY = YES;
				GCC_C_LANGUAGE_STANDARD = gnu11;
				GCC_DYNAMIC_NO_PIC = NO;
				GCC_NO_COMMON_BLOCKS = YES;
				GCC_OPTIMIZATION_LEVEL = 0;
				GCC_PREPROCESSOR_DEFINITIONS = (
					"DEBUG=1",
					"$(inherited)",
				);
				GCC_WARN_64_TO_32_BIT_CONVERSION = YES;
				GCC_WARN_ABOUT_RETURN_TYPE = YES_ERROR;
				GCC_WARN_UNDECLARED_SELECTOR = YES;
				GCC_WARN_UNINITIALIZED_AUTOS = YES_AGGRESSIVE;
				GCC_WARN_UNUSED_FUNCTION = YES;
				GCC_WARN_UNUSED_VARIABLE = YES;
				IPHONEOS_DEPLOYMENT_TARGET = 13.1;
				MTL_ENABLE_DEBUG_INFO = INCLUDE_SOURCE;
				MTL_FAST_MATH = YES;
				ONLY_ACTIVE_ARCH = YES;
				SDKROOT = iphoneos;
				SWIFT_ACTIVE_COMPILATION_CONDITIONS = DEBUG;
				SWIFT_OPTIMIZATION_LEVEL = "-Onone";
			};
			name = Debug;
		};
		C9E0E854237AAE17001EDAF4 /* Release */ = {
			isa = XCBuildConfiguration;
			buildSettings = {
				ALWAYS_SEARCH_USER_PATHS = NO;
				CLANG_ANALYZER_NONNULL = YES;
				CLANG_ANALYZER_NUMBER_OBJECT_CONVERSION = YES_AGGRESSIVE;
				CLANG_CXX_LANGUAGE_STANDARD = "gnu++14";
				CLANG_CXX_LIBRARY = "libc++";
				CLANG_ENABLE_MODULES = YES;
				CLANG_ENABLE_OBJC_ARC = YES;
				CLANG_ENABLE_OBJC_WEAK = YES;
				CLANG_WARN_BLOCK_CAPTURE_AUTORELEASING = YES;
				CLANG_WARN_BOOL_CONVERSION = YES;
				CLANG_WARN_COMMA = YES;
				CLANG_WARN_CONSTANT_CONVERSION = YES;
				CLANG_WARN_DEPRECATED_OBJC_IMPLEMENTATIONS = YES;
				CLANG_WARN_DIRECT_OBJC_ISA_USAGE = YES_ERROR;
				CLANG_WARN_DOCUMENTATION_COMMENTS = YES;
				CLANG_WARN_EMPTY_BODY = YES;
				CLANG_WARN_ENUM_CONVERSION = YES;
				CLANG_WARN_INFINITE_RECURSION = YES;
				CLANG_WARN_INT_CONVERSION = YES;
				CLANG_WARN_NON_LITERAL_NULL_CONVERSION = YES;
				CLANG_WARN_OBJC_IMPLICIT_RETAIN_SELF = YES;
				CLANG_WARN_OBJC_LITERAL_CONVERSION = YES;
				CLANG_WARN_OBJC_ROOT_CLASS = YES_ERROR;
				CLANG_WARN_RANGE_LOOP_ANALYSIS = YES;
				CLANG_WARN_STRICT_PROTOTYPES = YES;
				CLANG_WARN_SUSPICIOUS_MOVE = YES;
				CLANG_WARN_UNGUARDED_AVAILABILITY = YES_AGGRESSIVE;
				CLANG_WARN_UNREACHABLE_CODE = YES;
				CLANG_WARN__DUPLICATE_METHOD_MATCH = YES;
				COPY_PHASE_STRIP = NO;
				DEBUG_INFORMATION_FORMAT = "dwarf-with-dsym";
				ENABLE_NS_ASSERTIONS = NO;
				ENABLE_STRICT_OBJC_MSGSEND = YES;
				GCC_C_LANGUAGE_STANDARD = gnu11;
				GCC_NO_COMMON_BLOCKS = YES;
				GCC_WARN_64_TO_32_BIT_CONVERSION = YES;
				GCC_WARN_ABOUT_RETURN_TYPE = YES_ERROR;
				GCC_WARN_UNDECLARED_SELECTOR = YES;
				GCC_WARN_UNINITIALIZED_AUTOS = YES_AGGRESSIVE;
				GCC_WARN_UNUSED_FUNCTION = YES;
				GCC_WARN_UNUSED_VARIABLE = YES;
				IPHONEOS_DEPLOYMENT_TARGET = 13.1;
				MTL_ENABLE_DEBUG_INFO = NO;
				MTL_FAST_MATH = YES;
				SDKROOT = iphoneos;
				SWIFT_COMPILATION_MODE = wholemodule;
				SWIFT_OPTIMIZATION_LEVEL = "-O";
				VALIDATE_PRODUCT = YES;
			};
			name = Release;
		};
		C9E0E856237AAE17001EDAF4 /* Debug */ = {
			isa = XCBuildConfiguration;
			buildSettings = {
				ASSETCATALOG_COMPILER_APPICON_NAME = AppIcon;
				CODE_SIGN_STYLE = Automatic;
				INFOPLIST_FILE = Judgement/Info.plist;
				LD_RUNPATH_SEARCH_PATHS = (
					"$(inherited)",
					"@executable_path/Frameworks",
				);
				PRODUCT_BUNDLE_IDENTIFIER = RuchiM.Judgement;
				PRODUCT_NAME = "$(TARGET_NAME)";
				SWIFT_VERSION = 5.0;
				TARGETED_DEVICE_FAMILY = "1,2";
			};
			name = Debug;
		};
		C9E0E857237AAE17001EDAF4 /* Release */ = {
			isa = XCBuildConfiguration;
			buildSettings = {
				ASSETCATALOG_COMPILER_APPICON_NAME = AppIcon;
				CODE_SIGN_STYLE = Automatic;
				INFOPLIST_FILE = Judgement/Info.plist;
				LD_RUNPATH_SEARCH_PATHS = (
					"$(inherited)",
					"@executable_path/Frameworks",
				);
				PRODUCT_BUNDLE_IDENTIFIER = RuchiM.Judgement;
				PRODUCT_NAME = "$(TARGET_NAME)";
				SWIFT_VERSION = 5.0;
				TARGETED_DEVICE_FAMILY = "1,2";
			};
			name = Release;
		};
		C9E0E859237AAE17001EDAF4 /* Debug */ = {
			isa = XCBuildConfiguration;
			buildSettings = {
				ALWAYS_EMBED_SWIFT_STANDARD_LIBRARIES = YES;
				BUNDLE_LOADER = "$(TEST_HOST)";
				CODE_SIGN_STYLE = Automatic;
				INFOPLIST_FILE = JudgementTests/Info.plist;
				IPHONEOS_DEPLOYMENT_TARGET = 13.1;
				LD_RUNPATH_SEARCH_PATHS = (
					"$(inherited)",
					"@executable_path/Frameworks",
					"@loader_path/Frameworks",
				);
				PRODUCT_BUNDLE_IDENTIFIER = RuchiM.JudgementTests;
				PRODUCT_NAME = "$(TARGET_NAME)";
				SWIFT_VERSION = 5.0;
				TARGETED_DEVICE_FAMILY = "1,2";
				TEST_HOST = "$(BUILT_PRODUCTS_DIR)/Judgement.app/Judgement";
			};
			name = Debug;
		};
		C9E0E85A237AAE17001EDAF4 /* Release */ = {
			isa = XCBuildConfiguration;
			buildSettings = {
				ALWAYS_EMBED_SWIFT_STANDARD_LIBRARIES = YES;
				BUNDLE_LOADER = "$(TEST_HOST)";
				CODE_SIGN_STYLE = Automatic;
				INFOPLIST_FILE = JudgementTests/Info.plist;
				IPHONEOS_DEPLOYMENT_TARGET = 13.1;
				LD_RUNPATH_SEARCH_PATHS = (
					"$(inherited)",
					"@executable_path/Frameworks",
					"@loader_path/Frameworks",
				);
				PRODUCT_BUNDLE_IDENTIFIER = RuchiM.JudgementTests;
				PRODUCT_NAME = "$(TARGET_NAME)";
				SWIFT_VERSION = 5.0;
				TARGETED_DEVICE_FAMILY = "1,2";
				TEST_HOST = "$(BUILT_PRODUCTS_DIR)/Judgement.app/Judgement";
			};
			name = Release;
		};
		C9E0E85C237AAE17001EDAF4 /* Debug */ = {
			isa = XCBuildConfiguration;
			buildSettings = {
				ALWAYS_EMBED_SWIFT_STANDARD_LIBRARIES = YES;
				CODE_SIGN_STYLE = Automatic;
				INFOPLIST_FILE = JudgementUITests/Info.plist;
				LD_RUNPATH_SEARCH_PATHS = (
					"$(inherited)",
					"@executable_path/Frameworks",
					"@loader_path/Frameworks",
				);
				PRODUCT_BUNDLE_IDENTIFIER = RuchiM.JudgementUITests;
				PRODUCT_NAME = "$(TARGET_NAME)";
				SWIFT_VERSION = 5.0;
				TARGETED_DEVICE_FAMILY = "1,2";
				TEST_TARGET_NAME = Judgement;
			};
			name = Debug;
		};
		C9E0E85D237AAE17001EDAF4 /* Release */ = {
			isa = XCBuildConfiguration;
			buildSettings = {
				ALWAYS_EMBED_SWIFT_STANDARD_LIBRARIES = YES;
				CODE_SIGN_STYLE = Automatic;
				INFOPLIST_FILE = JudgementUITests/Info.plist;
				LD_RUNPATH_SEARCH_PATHS = (
					"$(inherited)",
					"@executable_path/Frameworks",
					"@loader_path/Frameworks",
				);
				PRODUCT_BUNDLE_IDENTIFIER = RuchiM.JudgementUITests;
				PRODUCT_NAME = "$(TARGET_NAME)";
				SWIFT_VERSION = 5.0;
				TARGETED_DEVICE_FAMILY = "1,2";
				TEST_TARGET_NAME = Judgement;
			};
			name = Release;
		};
/* End XCBuildConfiguration section */

/* Begin XCConfigurationList section */
		C9E0E822237AAE15001EDAF4 /* Build configuration list for PBXProject "Judgement" */ = {
			isa = XCConfigurationList;
			buildConfigurations = (
				C9E0E853237AAE17001EDAF4 /* Debug */,
				C9E0E854237AAE17001EDAF4 /* Release */,
			);
			defaultConfigurationIsVisible = 0;
			defaultConfigurationName = Release;
		};
		C9E0E855237AAE17001EDAF4 /* Build configuration list for PBXNativeTarget "Judgement" */ = {
			isa = XCConfigurationList;
			buildConfigurations = (
				C9E0E856237AAE17001EDAF4 /* Debug */,
				C9E0E857237AAE17001EDAF4 /* Release */,
			);
			defaultConfigurationIsVisible = 0;
			defaultConfigurationName = Release;
		};
		C9E0E858237AAE17001EDAF4 /* Build configuration list for PBXNativeTarget "JudgementTests" */ = {
			isa = XCConfigurationList;
			buildConfigurations = (
				C9E0E859237AAE17001EDAF4 /* Debug */,
				C9E0E85A237AAE17001EDAF4 /* Release */,
			);
			defaultConfigurationIsVisible = 0;
			defaultConfigurationName = Release;
		};
		C9E0E85B237AAE17001EDAF4 /* Build configuration list for PBXNativeTarget "JudgementUITests" */ = {
			isa = XCConfigurationList;
			buildConfigurations = (
				C9E0E85C237AAE17001EDAF4 /* Debug */,
				C9E0E85D237AAE17001EDAF4 /* Release */,
			);
			defaultConfigurationIsVisible = 0;
			defaultConfigurationName = Release;
		};
/* End XCConfigurationList section */
	};
	rootObject = C9E0E81F237AAE15001EDAF4 /* Project object */;
}
